// !$*UTF8*$!
{
	archiveVersion = 1;
	classes = {
	};
	objectVersion = 56;
	objects = {

/* Begin PBXBuildFile section */
		33FA434F820C5491790C2882 /* Pods_Example.framework in Frameworks */ = {isa = PBXBuildFile; fileRef = 5AEDDA3E701E6B5BAE71E671 /* Pods_Example.framework */; };
		4EADA0322B4E95340039D429 /* AppDelegate.swift in Sources */ = {isa = PBXBuildFile; fileRef = 4EADA0312B4E95340039D429 /* AppDelegate.swift */; };
		4EADA0342B4E95340039D429 /* SceneDelegate.swift in Sources */ = {isa = PBXBuildFile; fileRef = 4EADA0332B4E95340039D429 /* SceneDelegate.swift */; };
		4EADA0362B4E95340039D429 /* ViewController.swift in Sources */ = {isa = PBXBuildFile; fileRef = 4EADA0352B4E95340039D429 /* ViewController.swift */; };
		4EADA0392B4E95340039D429 /* Main.storyboard in Resources */ = {isa = PBXBuildFile; fileRef = 4EADA0372B4E95340039D429 /* Main.storyboard */; };
		4EADA03B2B4E95350039D429 /* Assets.xcassets in Resources */ = {isa = PBXBuildFile; fileRef = 4EADA03A2B4E95350039D429 /* Assets.xcassets */; };
		4EADA03E2B4E95350039D429 /* LaunchScreen.storyboard in Resources */ = {isa = PBXBuildFile; fileRef = 4EADA03C2B4E95350039D429 /* LaunchScreen.storyboard */; };
		848209022D71CA1C006DD05B /* SF-Pro-Text-Bold.otf in Resources */ = {isa = PBXBuildFile; fileRef = 848208F72D71CA1C006DD05B /* SF-Pro-Text-Bold.otf */; };
		848209032D71CA1C006DD05B /* SF-Pro-Text-Light.otf in Resources */ = {isa = PBXBuildFile; fileRef = 848208F92D71CA1C006DD05B /* SF-Pro-Text-Light.otf */; };
		848209042D71CA1C006DD05B /* SF-Pro-Text-Regular.otf in Resources */ = {isa = PBXBuildFile; fileRef = 848208FB2D71CA1C006DD05B /* SF-Pro-Text-Regular.otf */; };
		848209052D71CA1C006DD05B /* SF-Pro-Text-Semibold.otf in Resources */ = {isa = PBXBuildFile; fileRef = 848208FD2D71CA1C006DD05B /* SF-Pro-Text-Semibold.otf */; };
		848209062D71CA1C006DD05B /* SF-Pro-Text-Medium.otf in Resources */ = {isa = PBXBuildFile; fileRef = 848208FA2D71CA1C006DD05B /* SF-Pro-Text-Medium.otf */; };
		848209072D71CA1C006DD05B /* SF-Pro-Text-RegularItalic.otf in Resources */ = {isa = PBXBuildFile; fileRef = 848208FC2D71CA1C006DD05B /* SF-Pro-Text-RegularItalic.otf */; };
		848209082D71CA1C006DD05B /* SF-Pro-Text-Black.otf in Resources */ = {isa = PBXBuildFile; fileRef = 848208F62D71CA1C006DD05B /* SF-Pro-Text-Black.otf */; };
		848209092D71CA1C006DD05B /* SF-Pro-Text-Ultralight.otf in Resources */ = {isa = PBXBuildFile; fileRef = 848208FF2D71CA1C006DD05B /* SF-Pro-Text-Ultralight.otf */; };
		8482090A2D71CA1C006DD05B /* SF-Pro-Text-BoldItalic.otf in Resources */ = {isa = PBXBuildFile; fileRef = 848208F82D71CA1C006DD05B /* SF-Pro-Text-BoldItalic.otf */; };
		8482090B2D71CA1C006DD05B /* SF-Pro-Text-Thin.otf in Resources */ = {isa = PBXBuildFile; fileRef = 848208FE2D71CA1C006DD05B /* SF-Pro-Text-Thin.otf */; };
/* End PBXBuildFile section */

/* Begin PBXFileReference section */
		4EADA02E2B4E95340039D429 /* Example.app */ = {isa = PBXFileReference; explicitFileType = wrapper.application; includeInIndex = 0; path = Example.app; sourceTree = BUILT_PRODUCTS_DIR; };
		4EADA0312B4E95340039D429 /* AppDelegate.swift */ = {isa = PBXFileReference; lastKnownFileType = sourcecode.swift; path = AppDelegate.swift; sourceTree = "<group>"; };
		4EADA0332B4E95340039D429 /* SceneDelegate.swift */ = {isa = PBXFileReference; lastKnownFileType = sourcecode.swift; path = SceneDelegate.swift; sourceTree = "<group>"; };
		4EADA0352B4E95340039D429 /* ViewController.swift */ = {isa = PBXFileReference; lastKnownFileType = sourcecode.swift; path = ViewController.swift; sourceTree = "<group>"; };
		4EADA0382B4E95340039D429 /* Base */ = {isa = PBXFileReference; lastKnownFileType = file.storyboard; name = Base; path = Base.lproj/Main.storyboard; sourceTree = "<group>"; };
		4EADA03A2B4E95350039D429 /* Assets.xcassets */ = {isa = PBXFileReference; lastKnownFileType = folder.assetcatalog; path = Assets.xcassets; sourceTree = "<group>"; };
		4EADA03D2B4E95350039D429 /* Base */ = {isa = PBXFileReference; lastKnownFileType = file.storyboard; name = Base; path = Base.lproj/LaunchScreen.storyboard; sourceTree = "<group>"; };
		4EADA03F2B4E95350039D429 /* Info.plist */ = {isa = PBXFileReference; lastKnownFileType = text.plist.xml; path = Info.plist; sourceTree = "<group>"; };
		5AEDDA3E701E6B5BAE71E671 /* Pods_Example.framework */ = {isa = PBXFileReference; explicitFileType = wrapper.framework; includeInIndex = 0; path = Pods_Example.framework; sourceTree = BUILT_PRODUCTS_DIR; };
		848208F62D71CA1C006DD05B /* SF-Pro-Text-Black.otf */ = {isa = PBXFileReference; lastKnownFileType = file; path = "SF-Pro-Text-Black.otf"; sourceTree = "<group>"; };
		848208F72D71CA1C006DD05B /* SF-Pro-Text-Bold.otf */ = {isa = PBXFileReference; lastKnownFileType = file; path = "SF-Pro-Text-Bold.otf"; sourceTree = "<group>"; };
		848208F82D71CA1C006DD05B /* SF-Pro-Text-BoldItalic.otf */ = {isa = PBXFileReference; lastKnownFileType = file; path = "SF-Pro-Text-BoldItalic.otf"; sourceTree = "<group>"; };
		848208F92D71CA1C006DD05B /* SF-Pro-Text-Light.otf */ = {isa = PBXFileReference; lastKnownFileType = file; path = "SF-Pro-Text-Light.otf"; sourceTree = "<group>"; };
		848208FA2D71CA1C006DD05B /* SF-Pro-Text-Medium.otf */ = {isa = PBXFileReference; lastKnownFileType = file; path = "SF-Pro-Text-Medium.otf"; sourceTree = "<group>"; };
		848208FB2D71CA1C006DD05B /* SF-Pro-Text-Regular.otf */ = {isa = PBXFileReference; lastKnownFileType = file; path = "SF-Pro-Text-Regular.otf"; sourceTree = "<group>"; };
		848208FC2D71CA1C006DD05B /* SF-Pro-Text-RegularItalic.otf */ = {isa = PBXFileReference; lastKnownFileType = file; path = "SF-Pro-Text-RegularItalic.otf"; sourceTree = "<group>"; };
		848208FD2D71CA1C006DD05B /* SF-Pro-Text-Semibold.otf */ = {isa = PBXFileReference; lastKnownFileType = file; path = "SF-Pro-Text-Semibold.otf"; sourceTree = "<group>"; };
		848208FE2D71CA1C006DD05B /* SF-Pro-Text-Thin.otf */ = {isa = PBXFileReference; lastKnownFileType = file; path = "SF-Pro-Text-Thin.otf"; sourceTree = "<group>"; };
		848208FF2D71CA1C006DD05B /* SF-Pro-Text-Ultralight.otf */ = {isa = PBXFileReference; lastKnownFileType = file; path = "SF-Pro-Text-Ultralight.otf"; sourceTree = "<group>"; };
		9D078FB0E30E5672D15A6EC5 /* Pods-Example.debug.xcconfig */ = {isa = PBXFileReference; includeInIndex = 1; lastKnownFileType = text.xcconfig; name = "Pods-Example.debug.xcconfig"; path = "Target Support Files/Pods-Example/Pods-Example.debug.xcconfig"; sourceTree = "<group>"; };
		D36F477847B4D3EB70799673 /* Pods-Example.release.xcconfig */ = {isa = PBXFileReference; includeInIndex = 1; lastKnownFileType = text.xcconfig; name = "Pods-Example.release.xcconfig"; path = "Target Support Files/Pods-Example/Pods-Example.release.xcconfig"; sourceTree = "<group>"; };
/* End PBXFileReference section */

/* Begin PBXFrameworksBuildPhase section */
		4EADA02B2B4E95340039D429 /* Frameworks */ = {
			isa = PBXFrameworksBuildPhase;
			buildActionMask = 2147483647;
			files = (
				33FA434F820C5491790C2882 /* Pods_Example.framework in Frameworks */,
			);
			runOnlyForDeploymentPostprocessing = 0;
		};
/* End PBXFrameworksBuildPhase section */

/* Begin PBXGroup section */
		4EADA0252B4E95340039D429 = {
			isa = PBXGroup;
			children = (
				4EADA0302B4E95340039D429 /* Example */,
				4EADA02F2B4E95340039D429 /* Products */,
				D7363F6AFED10D426CC77DE0 /* Pods */,
				CC110AC221D33A90988D5F13 /* Frameworks */,
			);
			sourceTree = "<group>";
		};
		4EADA02F2B4E95340039D429 /* Products */ = {
			isa = PBXGroup;
			children = (
				4EADA02E2B4E95340039D429 /* Example.app */,
			);
			name = Products;
			sourceTree = "<group>";
		};
		4EADA0302B4E95340039D429 /* Example */ = {
			isa = PBXGroup;
			children = (
				4EADA0312B4E95340039D429 /* AppDelegate.swift */,
				4EADA0332B4E95340039D429 /* SceneDelegate.swift */,
				4EADA0352B4E95340039D429 /* ViewController.swift */,
				4EADA0372B4E95340039D429 /* Main.storyboard */,
				4EADA03A2B4E95350039D429 /* Assets.xcassets */,
				4EADA03C2B4E95350039D429 /* LaunchScreen.storyboard */,
				4EADA03F2B4E95350039D429 /* Info.plist */,
				848209012D71CA1C006DD05B /* Resources */,
			);
			path = Example;
			sourceTree = "<group>";
		};
		848209002D71CA1C006DD05B /* Fonts */ = {
			isa = PBXGroup;
			children = (
				848208F62D71CA1C006DD05B /* SF-Pro-Text-Black.otf */,
				848208F72D71CA1C006DD05B /* SF-Pro-Text-Bold.otf */,
				848208F82D71CA1C006DD05B /* SF-Pro-Text-BoldItalic.otf */,
				848208F92D71CA1C006DD05B /* SF-Pro-Text-Light.otf */,
				848208FA2D71CA1C006DD05B /* SF-Pro-Text-Medium.otf */,
				848208FB2D71CA1C006DD05B /* SF-Pro-Text-Regular.otf */,
				848208FC2D71CA1C006DD05B /* SF-Pro-Text-RegularItalic.otf */,
				848208FD2D71CA1C006DD05B /* SF-Pro-Text-Semibold.otf */,
				848208FE2D71CA1C006DD05B /* SF-Pro-Text-Thin.otf */,
				848208FF2D71CA1C006DD05B /* SF-Pro-Text-Ultralight.otf */,
			);
			path = Fonts;
			sourceTree = "<group>";
		};
		848209012D71CA1C006DD05B /* Resources */ = {
			isa = PBXGroup;
			children = (
				848209002D71CA1C006DD05B /* Fonts */,
			);
			path = Resources;
			sourceTree = "<group>";
		};
		CC110AC221D33A90988D5F13 /* Frameworks */ = {
			isa = PBXGroup;
			children = (
				5AEDDA3E701E6B5BAE71E671 /* Pods_Example.framework */,
			);
			name = Frameworks;
			sourceTree = "<group>";
		};
		D7363F6AFED10D426CC77DE0 /* Pods */ = {
			isa = PBXGroup;
			children = (
				9D078FB0E30E5672D15A6EC5 /* Pods-Example.debug.xcconfig */,
				D36F477847B4D3EB70799673 /* Pods-Example.release.xcconfig */,
			);
			path = Pods;
			sourceTree = "<group>";
		};
/* End PBXGroup section */

/* Begin PBXNativeTarget section */
		4EADA02D2B4E95340039D429 /* Example */ = {
			isa = PBXNativeTarget;
			buildConfigurationList = 4EADA0422B4E95350039D429 /* Build configuration list for PBXNativeTarget "Example" */;
			buildPhases = (
				A6D3D7E9830DDD9256A428A9 /* [CP] Check Pods Manifest.lock */,
				4EADA02A2B4E95340039D429 /* Sources */,
				4EADA02B2B4E95340039D429 /* Frameworks */,
				4EADA02C2B4E95340039D429 /* Resources */,
				E59A33B4817ABB020EACD731 /* [CP] Embed Pods Frameworks */,
			);
			buildRules = (
			);
			dependencies = (
			);
			name = Example;
			productName = Example;
			productReference = 4EADA02E2B4E95340039D429 /* Example.app */;
			productType = "com.apple.product-type.application";
		};
/* End PBXNativeTarget section */

/* Begin PBXProject section */
		4EADA0262B4E95340039D429 /* Project object */ = {
			isa = PBXProject;
			attributes = {
				BuildIndependentTargetsInParallel = 1;
				LastSwiftUpdateCheck = 1510;
				LastUpgradeCheck = 1510;
				TargetAttributes = {
					4EADA02D2B4E95340039D429 = {
						CreatedOnToolsVersion = 15.1;
					};
				};
			};
			buildConfigurationList = 4EADA0292B4E95340039D429 /* Build configuration list for PBXProject "Example" */;
			compatibilityVersion = "Xcode 14.0";
			developmentRegion = en;
			hasScannedForEncodings = 0;
			knownRegions = (
				en,
				Base,
			);
			mainGroup = 4EADA0252B4E95340039D429;
			productRefGroup = 4EADA02F2B4E95340039D429 /* Products */;
			projectDirPath = "";
			projectRoot = "";
			targets = (
				4EADA02D2B4E95340039D429 /* Example */,
			);
		};
/* End PBXProject section */

/* Begin PBXResourcesBuildPhase section */
		4EADA02C2B4E95340039D429 /* Resources */ = {
			isa = PBXResourcesBuildPhase;
			buildActionMask = 2147483647;
			files = (
				848209022D71CA1C006DD05B /* SF-Pro-Text-Bold.otf in Resources */,
				848209032D71CA1C006DD05B /* SF-Pro-Text-Light.otf in Resources */,
				848209042D71CA1C006DD05B /* SF-Pro-Text-Regular.otf in Resources */,
				848209052D71CA1C006DD05B /* SF-Pro-Text-Semibold.otf in Resources */,
				848209062D71CA1C006DD05B /* SF-Pro-Text-Medium.otf in Resources */,
				848209072D71CA1C006DD05B /* SF-Pro-Text-RegularItalic.otf in Resources */,
				848209082D71CA1C006DD05B /* SF-Pro-Text-Black.otf in Resources */,
				848209092D71CA1C006DD05B /* SF-Pro-Text-Ultralight.otf in Resources */,
				8482090A2D71CA1C006DD05B /* SF-Pro-Text-BoldItalic.otf in Resources */,
				8482090B2D71CA1C006DD05B /* SF-Pro-Text-Thin.otf in Resources */,
				4EADA03E2B4E95350039D429 /* LaunchScreen.storyboard in Resources */,
				4EADA03B2B4E95350039D429 /* Assets.xcassets in Resources */,
				4EADA0392B4E95340039D429 /* Main.storyboard in Resources */,
			);
			runOnlyForDeploymentPostprocessing = 0;
		};
/* End PBXResourcesBuildPhase section */

/* Begin PBXShellScriptBuildPhase section */
		A6D3D7E9830DDD9256A428A9 /* [CP] Check Pods Manifest.lock */ = {
			isa = PBXShellScriptBuildPhase;
			buildActionMask = 2147483647;
			files = (
			);
			inputFileListPaths = (
			);
			inputPaths = (
				"${PODS_PODFILE_DIR_PATH}/Podfile.lock",
				"${PODS_ROOT}/Manifest.lock",
			);
			name = "[CP] Check Pods Manifest.lock";
			outputFileListPaths = (
			);
			outputPaths = (
				"$(DERIVED_FILE_DIR)/Pods-Example-checkManifestLockResult.txt",
			);
			runOnlyForDeploymentPostprocessing = 0;
			shellPath = /bin/sh;
			shellScript = "diff \"${PODS_PODFILE_DIR_PATH}/Podfile.lock\" \"${PODS_ROOT}/Manifest.lock\" > /dev/null\nif [ $? != 0 ] ; then\n    # print error to STDERR\n    echo \"error: The sandbox is not in sync with the Podfile.lock. Run 'pod install' or update your CocoaPods installation.\" >&2\n    exit 1\nfi\n# This output is used by Xcode 'outputs' to avoid re-running this script phase.\necho \"SUCCESS\" > \"${SCRIPT_OUTPUT_FILE_0}\"\n";
			showEnvVarsInLog = 0;
		};
		E59A33B4817ABB020EACD731 /* [CP] Embed Pods Frameworks */ = {
			isa = PBXShellScriptBuildPhase;
			buildActionMask = 2147483647;
			files = (
			);
			inputFileListPaths = (
				"${PODS_ROOT}/Target Support Files/Pods-Example/Pods-Example-frameworks-${CONFIGURATION}-input-files.xcfilelist",
			);
			name = "[CP] Embed Pods Frameworks";
			outputFileListPaths = (
				"${PODS_ROOT}/Target Support Files/Pods-Example/Pods-Example-frameworks-${CONFIGURATION}-output-files.xcfilelist",
			);
			runOnlyForDeploymentPostprocessing = 0;
			shellPath = /bin/sh;
			shellScript = "\"${PODS_ROOT}/Target Support Files/Pods-Example/Pods-Example-frameworks.sh\"\n";
			showEnvVarsInLog = 0;
		};
/* End PBXShellScriptBuildPhase section */

/* Begin PBXSourcesBuildPhase section */
		4EADA02A2B4E95340039D429 /* Sources */ = {
			isa = PBXSourcesBuildPhase;
			buildActionMask = 2147483647;
			files = (
				4EADA0362B4E95340039D429 /* ViewController.swift in Sources */,
				4EADA0322B4E95340039D429 /* AppDelegate.swift in Sources */,
				4EADA0342B4E95340039D429 /* SceneDelegate.swift in Sources */,
			);
			runOnlyForDeploymentPostprocessing = 0;
		};
/* End PBXSourcesBuildPhase section */

/* Begin PBXVariantGroup section */
		4EADA0372B4E95340039D429 /* Main.storyboard */ = {
			isa = PBXVariantGroup;
			children = (
				4EADA0382B4E95340039D429 /* Base */,
			);
			name = Main.storyboard;
			sourceTree = "<group>";
		};
		4EADA03C2B4E95350039D429 /* LaunchScreen.storyboard */ = {
			isa = PBXVariantGroup;
			children = (
				4EADA03D2B4E95350039D429 /* Base */,
			);
			name = LaunchScreen.storyboard;
			sourceTree = "<group>";
		};
/* End PBXVariantGroup section */

/* Begin XCBuildConfiguration section */
		4EADA0402B4E95350039D429 /* Debug */ = {
			isa = XCBuildConfiguration;
			buildSettings = {
				ALWAYS_SEARCH_USER_PATHS = NO;
				ASSETCATALOG_COMPILER_GENERATE_SWIFT_ASSET_SYMBOL_EXTENSIONS = YES;
				CLANG_ANALYZER_NONNULL = YES;
				CLANG_ANALYZER_NUMBER_OBJECT_CONVERSION = YES_AGGRESSIVE;
				CLANG_CXX_LANGUAGE_STANDARD = "gnu++20";
				CLANG_ENABLE_MODULES = YES;
				CLANG_ENABLE_OBJC_ARC = YES;
				CLANG_ENABLE_OBJC_WEAK = YES;
				CLANG_WARN_BLOCK_CAPTURE_AUTORELEASING = YES;
				CLANG_WARN_BOOL_CONVERSION = YES;
				CLANG_WARN_COMMA = YES;
				CLANG_WARN_CONSTANT_CONVERSION = YES;
				CLANG_WARN_DEPRECATED_OBJC_IMPLEMENTATIONS = YES;
				CLANG_WARN_DIRECT_OBJC_ISA_USAGE = YES_ERROR;
				CLANG_WARN_DOCUMENTATION_COMMENTS = YES;
				CLANG_WARN_EMPTY_BODY = YES;
				CLANG_WARN_ENUM_CONVERSION = YES;
				CLANG_WARN_INFINITE_RECURSION = YES;
				CLANG_WARN_INT_CONVERSION = YES;
				CLANG_WARN_NON_LITERAL_NULL_CONVERSION = YES;
				CLANG_WARN_OBJC_IMPLICIT_RETAIN_SELF = YES;
				CLANG_WARN_OBJC_LITERAL_CONVERSION = YES;
				CLANG_WARN_OBJC_ROOT_CLASS = YES_ERROR;
				CLANG_WARN_QUOTED_INCLUDE_IN_FRAMEWORK_HEADER = YES;
				CLANG_WARN_RANGE_LOOP_ANALYSIS = YES;
				CLANG_WARN_STRICT_PROTOTYPES = YES;
				CLANG_WARN_SUSPICIOUS_MOVE = YES;
				CLANG_WARN_UNGUARDED_AVAILABILITY = YES_AGGRESSIVE;
				CLANG_WARN_UNREACHABLE_CODE = YES;
				CLANG_WARN__DUPLICATE_METHOD_MATCH = YES;
				COPY_PHASE_STRIP = NO;
				DEBUG_INFORMATION_FORMAT = dwarf;
				ENABLE_STRICT_OBJC_MSGSEND = YES;
				ENABLE_TESTABILITY = YES;
				ENABLE_USER_SCRIPT_SANDBOXING = YES;
				GCC_C_LANGUAGE_STANDARD = gnu17;
				GCC_DYNAMIC_NO_PIC = NO;
				GCC_NO_COMMON_BLOCKS = YES;
				GCC_OPTIMIZATION_LEVEL = 0;
				GCC_PREPROCESSOR_DEFINITIONS = (
					"DEBUG=1",
					"$(inherited)",
				);
				GCC_WARN_64_TO_32_BIT_CONVERSION = YES;
				GCC_WARN_ABOUT_RETURN_TYPE = YES_ERROR;
				GCC_WARN_UNDECLARED_SELECTOR = YES;
				GCC_WARN_UNINITIALIZED_AUTOS = YES_AGGRESSIVE;
				GCC_WARN_UNUSED_FUNCTION = YES;
				GCC_WARN_UNUSED_VARIABLE = YES;
				IPHONEOS_DEPLOYMENT_TARGET = 17.2;
				LOCALIZATION_PREFERS_STRING_CATALOGS = YES;
				MTL_ENABLE_DEBUG_INFO = INCLUDE_SOURCE;
				MTL_FAST_MATH = YES;
				ONLY_ACTIVE_ARCH = YES;
				SDKROOT = iphoneos;
				SWIFT_ACTIVE_COMPILATION_CONDITIONS = "DEBUG $(inherited)";
				SWIFT_OPTIMIZATION_LEVEL = "-Onone";
			};
			name = Debug;
		};
		4EADA0412B4E95350039D429 /* Release */ = {
			isa = XCBuildConfiguration;
			buildSettings = {
				ALWAYS_SEARCH_USER_PATHS = NO;
				ASSETCATALOG_COMPILER_GENERATE_SWIFT_ASSET_SYMBOL_EXTENSIONS = YES;
				CLANG_ANALYZER_NONNULL = YES;
				CLANG_ANALYZER_NUMBER_OBJECT_CONVERSION = YES_AGGRESSIVE;
				CLANG_CXX_LANGUAGE_STANDARD = "gnu++20";
				CLANG_ENABLE_MODULES = YES;
				CLANG_ENABLE_OBJC_ARC = YES;
				CLANG_ENABLE_OBJC_WEAK = YES;
				CLANG_WARN_BLOCK_CAPTURE_AUTORELEASING = YES;
				CLANG_WARN_BOOL_CONVERSION = YES;
				CLANG_WARN_COMMA = YES;
				CLANG_WARN_CONSTANT_CONVERSION = YES;
				CLANG_WARN_DEPRECATED_OBJC_IMPLEMENTATIONS = YES;
				CLANG_WARN_DIRECT_OBJC_ISA_USAGE = YES_ERROR;
				CLANG_WARN_DOCUMENTATION_COMMENTS = YES;
				CLANG_WARN_EMPTY_BODY = YES;
				CLANG_WARN_ENUM_CONVERSION = YES;
				CLANG_WARN_INFINITE_RECURSION = YES;
				CLANG_WARN_INT_CONVERSION = YES;
				CLANG_WARN_NON_LITERAL_NULL_CONVERSION = YES;
				CLANG_WARN_OBJC_IMPLICIT_RETAIN_SELF = YES;
				CLANG_WARN_OBJC_LITERAL_CONVERSION = YES;
				CLANG_WARN_OBJC_ROOT_CLASS = YES_ERROR;
				CLANG_WARN_QUOTED_INCLUDE_IN_FRAMEWORK_HEADER = YES;
				CLANG_WARN_RANGE_LOOP_ANALYSIS = YES;
				CLANG_WARN_STRICT_PROTOTYPES = YES;
				CLANG_WARN_SUSPICIOUS_MOVE = YES;
				CLANG_WARN_UNGUARDED_AVAILABILITY = YES_AGGRESSIVE;
				CLANG_WARN_UNREACHABLE_CODE = YES;
				CLANG_WARN__DUPLICATE_METHOD_MATCH = YES;
				COPY_PHASE_STRIP = NO;
				DEBUG_INFORMATION_FORMAT = "dwarf-with-dsym";
				ENABLE_NS_ASSERTIONS = NO;
				ENABLE_STRICT_OBJC_MSGSEND = YES;
				ENABLE_USER_SCRIPT_SANDBOXING = YES;
				GCC_C_LANGUAGE_STANDARD = gnu17;
				GCC_NO_COMMON_BLOCKS = YES;
				GCC_WARN_64_TO_32_BIT_CONVERSION = YES;
				GCC_WARN_ABOUT_RETURN_TYPE = YES_ERROR;
				GCC_WARN_UNDECLARED_SELECTOR = YES;
				GCC_WARN_UNINITIALIZED_AUTOS = YES_AGGRESSIVE;
				GCC_WARN_UNUSED_FUNCTION = YES;
				GCC_WARN_UNUSED_VARIABLE = YES;
				IPHONEOS_DEPLOYMENT_TARGET = 17.2;
				LOCALIZATION_PREFERS_STRING_CATALOGS = YES;
				MTL_ENABLE_DEBUG_INFO = NO;
				MTL_FAST_MATH = YES;
				SDKROOT = iphoneos;
				SWIFT_COMPILATION_MODE = wholemodule;
				VALIDATE_PRODUCT = YES;
			};
			name = Release;
		};
		4EADA0432B4E95350039D429 /* Debug */ = {
			isa = XCBuildConfiguration;
			baseConfigurationReference = 9D078FB0E30E5672D15A6EC5 /* Pods-Example.debug.xcconfig */;
			buildSettings = {
				ASSETCATALOG_COMPILER_APPICON_NAME = AppIcon;
				ASSETCATALOG_COMPILER_GLOBAL_ACCENT_COLOR_NAME = AccentColor;
				CODE_SIGN_STYLE = Automatic;
				CURRENT_PROJECT_VERSION = 1;
				DEVELOPMENT_TEAM = N4PUG34AC8;
				ENABLE_USER_SCRIPT_SANDBOXING = NO;
				GENERATE_INFOPLIST_FILE = YES;
				INFOPLIST_FILE = Example/Info.plist;
				INFOPLIST_KEY_UIApplicationSupportsIndirectInputEvents = YES;
				INFOPLIST_KEY_UILaunchStoryboardName = LaunchScreen;
				INFOPLIST_KEY_UIMainStoryboardFile = Main;
				INFOPLIST_KEY_UISupportedInterfaceOrientations = UIInterfaceOrientationPortrait;
				IPHONEOS_DEPLOYMENT_TARGET = 15.1;
				LD_RUNPATH_SEARCH_PATHS = (
					"$(inherited)",
					"@executable_path/Frameworks",
				);
				MARKETING_VERSION = 1.0;
				PRODUCT_BUNDLE_IDENTIFIER = com.mitu.Example;
				PRODUCT_NAME = "$(TARGET_NAME)";
				SWIFT_EMIT_LOC_STRINGS = YES;
				SWIFT_VERSION = 5.0;
				TARGETED_DEVICE_FAMILY = "1,2";
			};
			name = Debug;
		};
		4EADA0442B4E95350039D429 /* Release */ = {
			isa = XCBuildConfiguration;
			baseConfigurationReference = D36F477847B4D3EB70799673 /* Pods-Example.release.xcconfig */;
			buildSettings = {
				ASSETCATALOG_COMPILER_APPICON_NAME = AppIcon;
				ASSETCATALOG_COMPILER_GLOBAL_ACCENT_COLOR_NAME = AccentColor;
				CODE_SIGN_STYLE = Automatic;
				CURRENT_PROJECT_VERSION = 1;
				DEVELOPMENT_TEAM = N4PUG34AC8;
				ENABLE_USER_SCRIPT_SANDBOXING = NO;
				GENERATE_INFOPLIST_FILE = YES;
				INFOPLIST_FILE = Example/Info.plist;
				INFOPLIST_KEY_UIApplicationSupportsIndirectInputEvents = YES;
				INFOPLIST_KEY_UILaunchStoryboardName = LaunchScreen;
				INFOPLIST_KEY_UIMainStoryboardFile = Main;
				INFOPLIST_KEY_UISupportedInterfaceOrientations = UIInterfaceOrientationPortrait;
				IPHONEOS_DEPLOYMENT_TARGET = 15.1;
				LD_RUNPATH_SEARCH_PATHS = (
					"$(inherited)",
					"@executable_path/Frameworks",
				);
				MARKETING_VERSION = 1.0;
				PRODUCT_BUNDLE_IDENTIFIER = com.mitu.Example;
				PRODUCT_NAME = "$(TARGET_NAME)";
				SWIFT_EMIT_LOC_STRINGS = YES;
				SWIFT_VERSION = 5.0;
				TARGETED_DEVICE_FAMILY = "1,2";
			};
			name = Release;
		};
/* End XCBuildConfiguration section */

/* Begin XCConfigurationList section */
		4EADA0292B4E95340039D429 /* Build configuration list for PBXProject "Example" */ = {
			isa = XCConfigurationList;
			buildConfigurations = (
				4EADA0402B4E95350039D429 /* Debug */,
				4EADA0412B4E95350039D429 /* Release */,
			);
			defaultConfigurationIsVisible = 0;
			defaultConfigurationName = Release;
		};
		4EADA0422B4E95350039D429 /* Build configuration list for PBXNativeTarget "Example" */ = {
			isa = XCConfigurationList;
			buildConfigurations = (
				4EADA0432B4E95350039D429 /* Debug */,
				4EADA0442B4E95350039D429 /* Release */,
			);
			defaultConfigurationIsVisible = 0;
			defaultConfigurationName = Release;
		};
/* End XCConfigurationList section */
	};
	rootObject = 4EADA0262B4E95340039D429 /* Project object */;
}
